
Microsoft Visual Studio Solution File, Format Version 12.00
# Visual Studio Version 17
VisualStudioVersion = 17.7.34221.43
MinimumVisualStudioVersion = 10.0.40219.1
Project("{FAE04EC0-301F-11D3-BF4B-00C04F79EFBC}") = "MobilePhoneServiceWeb", "MobilePhoneServiceWeb\MobilePhoneServiceWeb.csproj", "{4AA2B434-A3EF-4E90-BF68-964A34D0947E}"
EndProject
Global
	GlobalSection(SolutionConfigurationPlatforms) = preSolution
		Debug|Any CPU = Debug|Any CPU
		Release|Any CPU = Release|Any CPU
	EndGlobalSection
	GlobalSection(ProjectConfigurationPlatforms) = postSolution
		{4AA2B434-A3EF-4E90-BF68-964A34D0947E}.Debug|Any CPU.ActiveCfg = Debug|Any CPU
		{4AA2B434-A3EF-4E90-BF68-964A34D0947E}.Debug|Any CPU.Build.0 = Debug|Any CPU
		{4AA2B434-A3EF-4E90-BF68-964A34D0947E}.Release|Any CPU.ActiveCfg = Release|Any CPU
		{4AA2B434-A3EF-4E90-BF68-964A34D0947E}.Release|Any CPU.Build.0 = Release|Any CPU
	EndGlobalSection
	GlobalSection(SolutionProperties) = preSolution
		HideSolutionNode = FALSE
	EndGlobalSection
	GlobalSection(ExtensibilityGlobals) = postSolution
		SolutionGuid = {94A3D5A4-39C5-4556-9373-E65C1AB6D901}
	EndGlobalSection
EndGlobal
